
Microsoft Visual Studio Solution File, Format Version 12.00
# Visual Studio Version 17
VisualStudioVersion = 17.5.002.0
MinimumVisualStudioVersion = 10.0.40219.1
Project("{9A19103F-16F7-4668-BE54-9A1E7A4F7556}") = "PoCAuditLog", "PoCAuditLog.csproj", "{90F522A9-E14F-4882-99B9-B7B1F0A35239}"
EndProject
Global
	GlobalSection(SolutionConfigurationPlatforms) = preSolution
		Debug|Any CPU = Debug|Any CPU
		Release|Any CPU = Release|Any CPU
	EndGlobalSection
	GlobalSection(ProjectConfigurationPlatforms) = postSolution
		{90F522A9-E14F-4882-99B9-B7B1F0A35239}.Debug|Any CPU.ActiveCfg = Debug|Any CPU
		{90F522A9-E14F-4882-99B9-B7B1F0A35239}.Debug|Any CPU.Build.0 = Debug|Any CPU
		{90F522A9-E14F-4882-99B9-B7B1F0A35239}.Release|Any CPU.ActiveCfg = Release|Any CPU
		{90F522A9-E14F-4882-99B9-B7B1F0A35239}.Release|Any CPU.Build.0 = Release|Any CPU
	EndGlobalSection
	GlobalSection(SolutionProperties) = preSolution
		HideSolutionNode = FALSE
	EndGlobalSection
	GlobalSection(ExtensibilityGlobals) = postSolution
		SolutionGuid = {1350F564-9EBD-44F4-8114-B7DE57D11492}
	EndGlobalSection
EndGlobal
